// !$*UTF8*$!
{
	archiveVersion = 1;
	classes = {
	};
	objectVersion = 46;
	objects = {

/* Begin PBXBuildFile section */
		61AFD4F717B07BD400A2BC68 /* ThirdViewController.m in Sources */ = {isa = PBXBuildFile; fileRef = 61AFD4F617B07BD400A2BC68 /* ThirdViewController.m */; };
		9DE47615179DB47400A92113 /* UIKit.framework in Frameworks */ = {isa = PBXBuildFile; fileRef = 9DE47614179DB47400A92113 /* UIKit.framework */; };
		9DE47617179DB47400A92113 /* Foundation.framework in Frameworks */ = {isa = PBXBuildFile; fileRef = 9DE47616179DB47400A92113 /* Foundation.framework */; };
		9DE47619179DB47400A92113 /* CoreGraphics.framework in Frameworks */ = {isa = PBXBuildFile; fileRef = 9DE47618179DB47400A92113 /* CoreGraphics.framework */; };
		9DE4761F179DB47400A92113 /* InfoPlist.strings in Resources */ = {isa = PBXBuildFile; fileRef = 9DE4761D179DB47400A92113 /* InfoPlist.strings */; };
		9DE47621179DB47400A92113 /* main.m in Sources */ = {isa = PBXBuildFile; fileRef = 9DE47620179DB47400A92113 /* main.m */; };
		9DE47625179DB47400A92113 /* AppDelegate.m in Sources */ = {isa = PBXBuildFile; fileRef = 9DE47624179DB47400A92113 /* AppDelegate.m */; };
		9DE47627179DB47400A92113 /* Default.png in Resources */ = {isa = PBXBuildFile; fileRef = 9DE47626179DB47400A92113 /* Default.png */; };
		9DE47629179DB47400A92113 /* Default@2x.png in Resources */ = {isa = PBXBuildFile; fileRef = 9DE47628179DB47400A92113 /* Default@2x.png */; };
		9DE4762B179DB47400A92113 /* Default-568h@2x.png in Resources */ = {isa = PBXBuildFile; fileRef = 9DE4762A179DB47400A92113 /* Default-568h@2x.png */; };
		9DE4762E179DB47400A92113 /* MainStoryboard.storyboard in Resources */ = {isa = PBXBuildFile; fileRef = 9DE4762C179DB47400A92113 /* MainStoryboard.storyboard */; };
		9DE47631179DB47400A92113 /* ViewController.m in Sources */ = {isa = PBXBuildFile; fileRef = 9DE47630179DB47400A92113 /* ViewController.m */; };
		9DE47639179DB4A300A92113 /* Person.m in Sources */ = {isa = PBXBuildFile; fileRef = 9DE47638179DB4A300A92113 /* Person.m */; };
		9DE4763C179DDBE400A92113 /* SecondViewController.m in Sources */ = {isa = PBXBuildFile; fileRef = 9DE4763B179DDBE400A92113 /* SecondViewController.m */; };
/* End PBXBuildFile section */

/* Begin PBXFileReference section */
		61AFD4F417B053E000A2BC68 /* EditPersonDelegate.h */ = {isa = PBXFileReference; lastKnownFileType = sourcecode.c.h; name = EditPersonDelegate.h; path = ../EditPersonDelegate.h; sourceTree = "<group>"; };
		61AFD4F517B07BD400A2BC68 /* ThirdViewController.h */ = {isa = PBXFileReference; fileEncoding = 4; lastKnownFileType = sourcecode.c.h; path = ThirdViewController.h; sourceTree = "<group>"; };
		61AFD4F617B07BD400A2BC68 /* ThirdViewController.m */ = {isa = PBXFileReference; fileEncoding = 4; lastKnownFileType = sourcecode.c.objc; path = ThirdViewController.m; sourceTree = "<group>"; };
		9DCD3BDB17B0801100B9F2A1 /* ThirdVCEditDelegate.h */ = {isa = PBXFileReference; fileEncoding = 4; lastKnownFileType = sourcecode.c.h; path = ThirdVCEditDelegate.h; sourceTree = "<group>"; };
		9DE47611179DB47400A92113 /* AddressBook.app */ = {isa = PBXFileReference; explicitFileType = wrapper.application; includeInIndex = 0; path = AddressBook.app; sourceTree = BUILT_PRODUCTS_DIR; };
		9DE47614179DB47400A92113 /* UIKit.framework */ = {isa = PBXFileReference; lastKnownFileType = wrapper.framework; name = UIKit.framework; path = System/Library/Frameworks/UIKit.framework; sourceTree = SDKROOT; };
		9DE47616179DB47400A92113 /* Foundation.framework */ = {isa = PBXFileReference; lastKnownFileType = wrapper.framework; name = Foundation.framework; path = System/Library/Frameworks/Foundation.framework; sourceTree = SDKROOT; };
		9DE47618179DB47400A92113 /* CoreGraphics.framework */ = {isa = PBXFileReference; lastKnownFileType = wrapper.framework; name = CoreGraphics.framework; path = System/Library/Frameworks/CoreGraphics.framework; sourceTree = SDKROOT; };
		9DE4761C179DB47400A92113 /* AddressBook-Info.plist */ = {isa = PBXFileReference; lastKnownFileType = text.plist.xml; path = "AddressBook-Info.plist"; sourceTree = "<group>"; };
		9DE4761E179DB47400A92113 /* en */ = {isa = PBXFileReference; lastKnownFileType = text.plist.strings; name = en; path = en.lproj/InfoPlist.strings; sourceTree = "<group>"; };
		9DE47620179DB47400A92113 /* main.m */ = {isa = PBXFileReference; lastKnownFileType = sourcecode.c.objc; path = main.m; sourceTree = "<group>"; };
		9DE47622179DB47400A92113 /* AddressBook-Prefix.pch */ = {isa = PBXFileReference; lastKnownFileType = sourcecode.c.h; path = "AddressBook-Prefix.pch"; sourceTree = "<group>"; };
		9DE47623179DB47400A92113 /* AppDelegate.h */ = {isa = PBXFileReference; lastKnownFileType = sourcecode.c.h; path = AppDelegate.h; sourceTree = "<group>"; };
		9DE47624179DB47400A92113 /* AppDelegate.m */ = {isa = PBXFileReference; lastKnownFileType = sourcecode.c.objc; path = AppDelegate.m; sourceTree = "<group>"; };
		9DE47626179DB47400A92113 /* Default.png */ = {isa = PBXFileReference; lastKnownFileType = image.png; path = Default.png; sourceTree = "<group>"; };
		9DE47628179DB47400A92113 /* Default@2x.png */ = {isa = PBXFileReference; lastKnownFileType = image.png; path = "Default@2x.png"; sourceTree = "<group>"; };
		9DE4762A179DB47400A92113 /* Default-568h@2x.png */ = {isa = PBXFileReference; lastKnownFileType = image.png; path = "Default-568h@2x.png"; sourceTree = "<group>"; };
		9DE4762D179DB47400A92113 /* en */ = {isa = PBXFileReference; lastKnownFileType = file.storyboard; name = en; path = en.lproj/MainStoryboard.storyboard; sourceTree = "<group>"; };
		9DE4762F179DB47400A92113 /* ViewController.h */ = {isa = PBXFileReference; lastKnownFileType = sourcecode.c.h; path = ViewController.h; sourceTree = "<group>"; };
		9DE47630179DB47400A92113 /* ViewController.m */ = {isa = PBXFileReference; lastKnownFileType = sourcecode.c.objc; path = ViewController.m; sourceTree = "<group>"; };
		9DE47637179DB4A300A92113 /* Person.h */ = {isa = PBXFileReference; fileEncoding = 4; lastKnownFileType = sourcecode.c.h; name = Person.h; path = ../Person.h; sourceTree = "<group>"; };
		9DE47638179DB4A300A92113 /* Person.m */ = {isa = PBXFileReference; fileEncoding = 4; lastKnownFileType = sourcecode.c.objc; name = Person.m; path = ../Person.m; sourceTree = "<group>"; };
		9DE4763A179DDBE400A92113 /* SecondViewController.h */ = {isa = PBXFileReference; fileEncoding = 4; lastKnownFileType = sourcecode.c.h; path = SecondViewController.h; sourceTree = "<group>"; };
		9DE4763B179DDBE400A92113 /* SecondViewController.m */ = {isa = PBXFileReference; fileEncoding = 4; lastKnownFileType = sourcecode.c.objc; path = SecondViewController.m; sourceTree = "<group>"; };
/* End PBXFileReference section */

/* Begin PBXFrameworksBuildPhase section */
		9DE4760E179DB47400A92113 /* Frameworks */ = {
			isa = PBXFrameworksBuildPhase;
			buildActionMask = 2147483647;
			files = (
				9DE47615179DB47400A92113 /* UIKit.framework in Frameworks */,
				9DE47617179DB47400A92113 /* Foundation.framework in Frameworks */,
				9DE47619179DB47400A92113 /* CoreGraphics.framework in Frameworks */,
			);
			runOnlyForDeploymentPostprocessing = 0;
		};
/* End PBXFrameworksBuildPhase section */

/* Begin PBXGroup section */
		9DE47608179DB47400A92113 = {
			isa = PBXGroup;
			children = (
				9DE4761A179DB47400A92113 /* AddressBook */,
				9DE47613179DB47400A92113 /* Frameworks */,
				9DE47612179DB47400A92113 /* Products */,
			);
			sourceTree = "<group>";
		};
		9DE47612179DB47400A92113 /* Products */ = {
			isa = PBXGroup;
			children = (
				9DE47611179DB47400A92113 /* AddressBook.app */,
			);
			name = Products;
			sourceTree = "<group>";
		};
		9DE47613179DB47400A92113 /* Frameworks */ = {
			isa = PBXGroup;
			children = (
				9DE47614179DB47400A92113 /* UIKit.framework */,
				9DE47616179DB47400A92113 /* Foundation.framework */,
				9DE47618179DB47400A92113 /* CoreGraphics.framework */,
			);
			name = Frameworks;
			sourceTree = "<group>";
		};
		9DE4761A179DB47400A92113 /* AddressBook */ = {
			isa = PBXGroup;
			children = (
				9DE4762C179DB47400A92113 /* MainStoryboard.storyboard */,
				9DE47623179DB47400A92113 /* AppDelegate.h */,
				9DE47624179DB47400A92113 /* AppDelegate.m */,
				61AFD4F417B053E000A2BC68 /* EditPersonDelegate.h */,
				9DCD3BDB17B0801100B9F2A1 /* ThirdVCEditDelegate.h */,
				9DE47637179DB4A300A92113 /* Person.h */,
				9DE47638179DB4A300A92113 /* Person.m */,
				61AFD4F517B07BD400A2BC68 /* ThirdViewController.h */,
				61AFD4F617B07BD400A2BC68 /* ThirdViewController.m */,
				9DE4763A179DDBE400A92113 /* SecondViewController.h */,
				9DE4763B179DDBE400A92113 /* SecondViewController.m */,
				9DE4762F179DB47400A92113 /* ViewController.h */,
				9DE47630179DB47400A92113 /* ViewController.m */,
				9DE4761B179DB47400A92113 /* Supporting Files */,
			);
			path = AddressBook;
			sourceTree = "<group>";
		};
		9DE4761B179DB47400A92113 /* Supporting Files */ = {
			isa = PBXGroup;
			children = (
				9DE4761C179DB47400A92113 /* AddressBook-Info.plist */,
				9DE4761D179DB47400A92113 /* InfoPlist.strings */,
				9DE47620179DB47400A92113 /* main.m */,
				9DE47622179DB47400A92113 /* AddressBook-Prefix.pch */,
				9DE47626179DB47400A92113 /* Default.png */,
				9DE47628179DB47400A92113 /* Default@2x.png */,
				9DE4762A179DB47400A92113 /* Default-568h@2x.png */,
			);
			name = "Supporting Files";
			sourceTree = "<group>";
		};
/* End PBXGroup section */

/* Begin PBXNativeTarget section */
		9DE47610179DB47400A92113 /* AddressBook */ = {
			isa = PBXNativeTarget;
			buildConfigurationList = 9DE47634179DB47400A92113 /* Build configuration list for PBXNativeTarget "AddressBook" */;
			buildPhases = (
				9DE4760D179DB47400A92113 /* Sources */,
				9DE4760E179DB47400A92113 /* Frameworks */,
				9DE4760F179DB47400A92113 /* Resources */,
			);
			buildRules = (
			);
			dependencies = (
			);
			name = AddressBook;
			productName = AddressBook;
			productReference = 9DE47611179DB47400A92113 /* AddressBook.app */;
			productType = "com.apple.product-type.application";
		};
/* End PBXNativeTarget section */

/* Begin PBXProject section */
		9DE47609179DB47400A92113 /* Project object */ = {
			isa = PBXProject;
			attributes = {
				LastUpgradeCheck = 0460;
				ORGANIZATIONNAME = "Mobile Makers";
			};
			buildConfigurationList = 9DE4760C179DB47400A92113 /* Build configuration list for PBXProject "AddressBook" */;
			compatibilityVersion = "Xcode 3.2";
			developmentRegion = English;
			hasScannedForEncodings = 0;
			knownRegions = (
				en,
			);
			mainGroup = 9DE47608179DB47400A92113;
			productRefGroup = 9DE47612179DB47400A92113 /* Products */;
			projectDirPath = "";
			projectRoot = "";
			targets = (
				9DE47610179DB47400A92113 /* AddressBook */,
			);
		};
/* End PBXProject section */

/* Begin PBXResourcesBuildPhase section */
		9DE4760F179DB47400A92113 /* Resources */ = {
			isa = PBXResourcesBuildPhase;
			buildActionMask = 2147483647;
			files = (
				9DE4761F179DB47400A92113 /* InfoPlist.strings in Resources */,
				9DE47627179DB47400A92113 /* Default.png in Resources */,
				9DE47629179DB47400A92113 /* Default@2x.png in Resources */,
				9DE4762B179DB47400A92113 /* Default-568h@2x.png in Resources */,
				9DE4762E179DB47400A92113 /* MainStoryboard.storyboard in Resources */,
			);
			runOnlyForDeploymentPostprocessing = 0;
		};
/* End PBXResourcesBuildPhase section */

/* Begin PBXSourcesBuildPhase section */
		9DE4760D179DB47400A92113 /* Sources */ = {
			isa = PBXSourcesBuildPhase;
			buildActionMask = 2147483647;
			files = (
				9DE47621179DB47400A92113 /* main.m in Sources */,
				9DE47625179DB47400A92113 /* AppDelegate.m in Sources */,
				9DE47631179DB47400A92113 /* ViewController.m in Sources */,
				9DE47639179DB4A300A92113 /* Person.m in Sources */,
				9DE4763C179DDBE400A92113 /* SecondViewController.m in Sources */,
				61AFD4F717B07BD400A2BC68 /* ThirdViewController.m in Sources */,
			);
			runOnlyForDeploymentPostprocessing = 0;
		};
/* End PBXSourcesBuildPhase section */

/* Begin PBXVariantGroup section */
		9DE4761D179DB47400A92113 /* InfoPlist.strings */ = {
			isa = PBXVariantGroup;
			children = (
				9DE4761E179DB47400A92113 /* en */,
			);
			name = InfoPlist.strings;
			sourceTree = "<group>";
		};
		9DE4762C179DB47400A92113 /* MainStoryboard.storyboard */ = {
			isa = PBXVariantGroup;
			children = (
				9DE4762D179DB47400A92113 /* en */,
			);
			name = MainStoryboard.storyboard;
			sourceTree = "<group>";
		};
/* End PBXVariantGroup section */

/* Begin XCBuildConfiguration section */
		9DE47632179DB47400A92113 /* Debug */ = {
			isa = XCBuildConfiguration;
			buildSettings = {
				ALWAYS_SEARCH_USER_PATHS = NO;
				CLANG_CXX_LANGUAGE_STANDARD = "gnu++0x";
				CLANG_CXX_LIBRARY = "libc++";
				CLANG_ENABLE_OBJC_ARC = YES;
				CLANG_WARN_CONSTANT_CONVERSION = YES;
				CLANG_WARN_EMPTY_BODY = YES;
				CLANG_WARN_ENUM_CONVERSION = YES;
				CLANG_WARN_INT_CONVERSION = YES;
				CLANG_WARN__DUPLICATE_METHOD_MATCH = YES;
				"CODE_SIGN_IDENTITY[sdk=iphoneos*]" = "iPhone Developer";
				COPY_PHASE_STRIP = NO;
				GCC_C_LANGUAGE_STANDARD = gnu99;
				GCC_DYNAMIC_NO_PIC = NO;
				GCC_OPTIMIZATION_LEVEL = 0;
				GCC_PREPROCESSOR_DEFINITIONS = (
					"DEBUG=1",
					"$(inherited)",
				);
				GCC_SYMBOLS_PRIVATE_EXTERN = NO;
				GCC_WARN_ABOUT_RETURN_TYPE = YES;
				GCC_WARN_UNINITIALIZED_AUTOS = YES;
				GCC_WARN_UNUSED_VARIABLE = YES;
				IPHONEOS_DEPLOYMENT_TARGET = 6.1;
				ONLY_ACTIVE_ARCH = YES;
				SDKROOT = iphoneos;
			};
			name = Debug;
		};
		9DE47633179DB47400A92113 /* Release */ = {
			isa = XCBuildConfiguration;
			buildSettings = {
				ALWAYS_SEARCH_USER_PATHS = NO;
				CLANG_CXX_LANGUAGE_STANDARD = "gnu++0x";
				CLANG_CXX_LIBRARY = "libc++";
				CLANG_ENABLE_OBJC_ARC = YES;
				CLANG_WARN_CONSTANT_CONVERSION = YES;
				CLANG_WARN_EMPTY_BODY = YES;
				CLANG_WARN_ENUM_CONVERSION = YES;
				CLANG_WARN_INT_CONVERSION = YES;
				CLANG_WARN__DUPLICATE_METHOD_MATCH = YES;
				"CODE_SIGN_IDENTITY[sdk=iphoneos*]" = "iPhone Developer";
				COPY_PHASE_STRIP = YES;
				GCC_C_LANGUAGE_STANDARD = gnu99;
				GCC_WARN_ABOUT_RETURN_TYPE = YES;
				GCC_WARN_UNINITIALIZED_AUTOS = YES;
				GCC_WARN_UNUSED_VARIABLE = YES;
				IPHONEOS_DEPLOYMENT_TARGET = 6.1;
				OTHER_CFLAGS = "-DNS_BLOCK_ASSERTIONS=1";
				SDKROOT = iphoneos;
				VALIDATE_PRODUCT = YES;
			};
			name = Release;
		};
		9DE47635179DB47400A92113 /* Debug */ = {
			isa = XCBuildConfiguration;
			buildSettings = {
				GCC_PRECOMPILE_PREFIX_HEADER = YES;
				GCC_PREFIX_HEADER = "AddressBook/AddressBook-Prefix.pch";
				INFOPLIST_FILE = "AddressBook/AddressBook-Info.plist";
				PRODUCT_NAME = "$(TARGET_NAME)";
				WRAPPER_EXTENSION = app;
			};
			name = Debug;
		};
		9DE47636179DB47400A92113 /* Release */ = {
			isa = XCBuildConfiguration;
			buildSettings = {
				GCC_PRECOMPILE_PREFIX_HEADER = YES;
				GCC_PREFIX_HEADER = "AddressBook/AddressBook-Prefix.pch";
				INFOPLIST_FILE = "AddressBook/AddressBook-Info.plist";
				PRODUCT_NAME = "$(TARGET_NAME)";
				WRAPPER_EXTENSION = app;
			};
			name = Release;
		};
/* End XCBuildConfiguration section */

/* Begin XCConfigurationList section */
		9DE4760C179DB47400A92113 /* Build configuration list for PBXProject "AddressBook" */ = {
			isa = XCConfigurationList;
			buildConfigurations = (
				9DE47632179DB47400A92113 /* Debug */,
				9DE47633179DB47400A92113 /* Release */,
			);
			defaultConfigurationIsVisible = 0;
			defaultConfigurationName = Release;
		};
		9DE47634179DB47400A92113 /* Build configuration list for PBXNativeTarget "AddressBook" */ = {
			isa = XCConfigurationList;
			buildConfigurations = (
				9DE47635179DB47400A92113 /* Debug */,
				9DE47636179DB47400A92113 /* Release */,
			);
			defaultConfigurationIsVisible = 0;
			defaultConfigurationName = Release;
		};
/* End XCConfigurationList section */
	};
	rootObject = 9DE47609179DB47400A92113 /* Project object */;
}
